
Microsoft Visual Studio Solution File, Format Version 12.00
# Visual Studio Version 17
VisualStudioVersion = 17.11.35327.3
MinimumVisualStudioVersion = 10.0.40219.1
Project("{FAE04EC0-301F-11D3-BF4B-00C04F79EFBC}") = "flappyBird1", "flappyBird1\flappyBird1.csproj", "{D9A2AF21-2100-464F-9EA3-04B53232E903}"
EndProject
Global
	GlobalSection(SolutionConfigurationPlatforms) = preSolution
		Debug|Any CPU = Debug|Any CPU
		Release|Any CPU = Release|Any CPU
	EndGlobalSection
	GlobalSection(ProjectConfigurationPlatforms) = postSolution
		{D9A2AF21-2100-464F-9EA3-04B53232E903}.Debug|Any CPU.ActiveCfg = Debug|Any CPU
		{D9A2AF21-2100-464F-9EA3-04B53232E903}.Debug|Any CPU.Build.0 = Debug|Any CPU
		{D9A2AF21-2100-464F-9EA3-04B53232E903}.Release|Any CPU.ActiveCfg = Release|Any CPU
		{D9A2AF21-2100-464F-9EA3-04B53232E903}.Release|Any CPU.Build.0 = Release|Any CPU
	EndGlobalSection
	GlobalSection(SolutionProperties) = preSolution
		HideSolutionNode = FALSE
	EndGlobalSection
	GlobalSection(ExtensibilityGlobals) = postSolution
		SolutionGuid = {3995A461-93E2-4791-BB4C-DDA05B5838BF}
	EndGlobalSection
EndGlobal
